
Microsoft Visual Studio Solution File, Format Version 12.00
# Visual Studio Version 16
VisualStudioVersion = 16.0.31205.134
MinimumVisualStudioVersion = 10.0.40219.1
Project("{FAE04EC0-301F-11D3-BF4B-00C04F79EFBC}") = "capaDatos", "capaDatos\capaDatos.csproj", "{992DF91C-F4B5-46A4-BED6-21BEB1ACA8DA}"
EndProject
Project("{FAE04EC0-301F-11D3-BF4B-00C04F79EFBC}") = "capaNegocio", "capaNegocio\capaNegocio.csproj", "{232BD959-597D-468F-86B2-112AF43CFC4E}"
EndProject
Project("{FAE04EC0-301F-11D3-BF4B-00C04F79EFBC}") = "capaPresentacion", "capaPresentacion\capaPresentacion.csproj", "{569251D0-0315-4812-879E-5BB8FFB48ADB}"
EndProject
Global
	GlobalSection(SolutionConfigurationPlatforms) = preSolution
		Debug|Any CPU = Debug|Any CPU
		Release|Any CPU = Release|Any CPU
	EndGlobalSection
	GlobalSection(ProjectConfigurationPlatforms) = postSolution
		{992DF91C-F4B5-46A4-BED6-21BEB1ACA8DA}.Debug|Any CPU.ActiveCfg = Debug|Any CPU
		{992DF91C-F4B5-46A4-BED6-21BEB1ACA8DA}.Debug|Any CPU.Build.0 = Debug|Any CPU
		{992DF91C-F4B5-46A4-BED6-21BEB1ACA8DA}.Release|Any CPU.ActiveCfg = Release|Any CPU
		{992DF91C-F4B5-46A4-BED6-21BEB1ACA8DA}.Release|Any CPU.Build.0 = Release|Any CPU
		{232BD959-597D-468F-86B2-112AF43CFC4E}.Debug|Any CPU.ActiveCfg = Debug|Any CPU
		{232BD959-597D-468F-86B2-112AF43CFC4E}.Debug|Any CPU.Build.0 = Debug|Any CPU
		{232BD959-597D-468F-86B2-112AF43CFC4E}.Release|Any CPU.ActiveCfg = Release|Any CPU
		{232BD959-597D-468F-86B2-112AF43CFC4E}.Release|Any CPU.Build.0 = Release|Any CPU
		{569251D0-0315-4812-879E-5BB8FFB48ADB}.Debug|Any CPU.ActiveCfg = Debug|Any CPU
		{569251D0-0315-4812-879E-5BB8FFB48ADB}.Debug|Any CPU.Build.0 = Debug|Any CPU
		{569251D0-0315-4812-879E-5BB8FFB48ADB}.Release|Any CPU.ActiveCfg = Release|Any CPU
		{569251D0-0315-4812-879E-5BB8FFB48ADB}.Release|Any CPU.Build.0 = Release|Any CPU
	EndGlobalSection
	GlobalSection(SolutionProperties) = preSolution
		HideSolutionNode = FALSE
	EndGlobalSection
	GlobalSection(ExtensibilityGlobals) = postSolution
		SolutionGuid = {47345F24-FCCB-4818-A59B-BA37D9879B94}
	EndGlobalSection
EndGlobal
